
Microsoft Visual Studio Solution File, Format Version 12.00
# Visual Studio Version 16
VisualStudioVersion = 16.0.31624.102
MinimumVisualStudioVersion = 10.0.40219.1
Project("{FAE04EC0-301F-11D3-BF4B-00C04F79EFBC}") = "formationintermediate16", "formationintermediate16\formationintermediate16.csproj", "{EDF27AB9-415C-44AB-A346-4E23807F1DE0}"
EndProject
Global
	GlobalSection(SolutionConfigurationPlatforms) = preSolution
		Debug|Any CPU = Debug|Any CPU
		Release|Any CPU = Release|Any CPU
	EndGlobalSection
	GlobalSection(ProjectConfigurationPlatforms) = postSolution
		{EDF27AB9-415C-44AB-A346-4E23807F1DE0}.Debug|Any CPU.ActiveCfg = Debug|Any CPU
		{EDF27AB9-415C-44AB-A346-4E23807F1DE0}.Debug|Any CPU.Build.0 = Debug|Any CPU
		{EDF27AB9-415C-44AB-A346-4E23807F1DE0}.Release|Any CPU.ActiveCfg = Release|Any CPU
		{EDF27AB9-415C-44AB-A346-4E23807F1DE0}.Release|Any CPU.Build.0 = Release|Any CPU
	EndGlobalSection
	GlobalSection(SolutionProperties) = preSolution
		HideSolutionNode = FALSE
	EndGlobalSection
	GlobalSection(ExtensibilityGlobals) = postSolution
		SolutionGuid = {FB5B0B35-660B-4626-9279-D6A27B30A027}
	EndGlobalSection
EndGlobal
