
Microsoft Visual Studio Solution File, Format Version 12.00
# Visual Studio Version 16
VisualStudioVersion = 16.0.31624.102
MinimumVisualStudioVersion = 10.0.40219.1
Project("{FAE04EC0-301F-11D3-BF4B-00C04F79EFBC}") = "formationintermediate1", "formationintermediate1\formationintermediate1.csproj", "{C419CD8B-0329-4560-81C3-3EFA0284A75B}"
EndProject
Global
	GlobalSection(SolutionConfigurationPlatforms) = preSolution
		Debug|Any CPU = Debug|Any CPU
		Release|Any CPU = Release|Any CPU
	EndGlobalSection
	GlobalSection(ProjectConfigurationPlatforms) = postSolution
		{C419CD8B-0329-4560-81C3-3EFA0284A75B}.Debug|Any CPU.ActiveCfg = Debug|Any CPU
		{C419CD8B-0329-4560-81C3-3EFA0284A75B}.Debug|Any CPU.Build.0 = Debug|Any CPU
		{C419CD8B-0329-4560-81C3-3EFA0284A75B}.Release|Any CPU.ActiveCfg = Release|Any CPU
		{C419CD8B-0329-4560-81C3-3EFA0284A75B}.Release|Any CPU.Build.0 = Release|Any CPU
	EndGlobalSection
	GlobalSection(SolutionProperties) = preSolution
		HideSolutionNode = FALSE
	EndGlobalSection
	GlobalSection(ExtensibilityGlobals) = postSolution
		SolutionGuid = {8CD83A46-4771-4661-8E72-40DDF4AD62AC}
	EndGlobalSection
EndGlobal
