
Microsoft Visual Studio Solution File, Format Version 12.00
# Visual Studio Version 16
VisualStudioVersion = 16.0.31624.102
MinimumVisualStudioVersion = 10.0.40219.1
Project("{FAE04EC0-301F-11D3-BF4B-00C04F79EFBC}") = "formationintermediate14", "formationintermediate14\formationintermediate14.csproj", "{07494778-6CA6-4A01-A384-CB8198533E29}"
EndProject
Global
	GlobalSection(SolutionConfigurationPlatforms) = preSolution
		Debug|Any CPU = Debug|Any CPU
		Release|Any CPU = Release|Any CPU
	EndGlobalSection
	GlobalSection(ProjectConfigurationPlatforms) = postSolution
		{07494778-6CA6-4A01-A384-CB8198533E29}.Debug|Any CPU.ActiveCfg = Debug|Any CPU
		{07494778-6CA6-4A01-A384-CB8198533E29}.Debug|Any CPU.Build.0 = Debug|Any CPU
		{07494778-6CA6-4A01-A384-CB8198533E29}.Release|Any CPU.ActiveCfg = Release|Any CPU
		{07494778-6CA6-4A01-A384-CB8198533E29}.Release|Any CPU.Build.0 = Release|Any CPU
	EndGlobalSection
	GlobalSection(SolutionProperties) = preSolution
		HideSolutionNode = FALSE
	EndGlobalSection
	GlobalSection(ExtensibilityGlobals) = postSolution
		SolutionGuid = {86ED922B-0167-4964-8D74-A60E14021E0B}
	EndGlobalSection
EndGlobal
