
Microsoft Visual Studio Solution File, Format Version 12.00
# Visual Studio Version 16
VisualStudioVersion = 16.0.31624.102
MinimumVisualStudioVersion = 10.0.40219.1
Project("{FAE04EC0-301F-11D3-BF4B-00C04F79EFBC}") = "formationintermediate12", "formationintermediate12\formationintermediate12.csproj", "{F62AB02E-7BE0-4166-A42C-83915888BBAA}"
EndProject
Global
	GlobalSection(SolutionConfigurationPlatforms) = preSolution
		Debug|Any CPU = Debug|Any CPU
		Release|Any CPU = Release|Any CPU
	EndGlobalSection
	GlobalSection(ProjectConfigurationPlatforms) = postSolution
		{F62AB02E-7BE0-4166-A42C-83915888BBAA}.Debug|Any CPU.ActiveCfg = Debug|Any CPU
		{F62AB02E-7BE0-4166-A42C-83915888BBAA}.Debug|Any CPU.Build.0 = Debug|Any CPU
		{F62AB02E-7BE0-4166-A42C-83915888BBAA}.Release|Any CPU.ActiveCfg = Release|Any CPU
		{F62AB02E-7BE0-4166-A42C-83915888BBAA}.Release|Any CPU.Build.0 = Release|Any CPU
	EndGlobalSection
	GlobalSection(SolutionProperties) = preSolution
		HideSolutionNode = FALSE
	EndGlobalSection
	GlobalSection(ExtensibilityGlobals) = postSolution
		SolutionGuid = {512416D7-353A-48A4-8089-D8E7751E0D3E}
	EndGlobalSection
EndGlobal
