
Microsoft Visual Studio Solution File, Format Version 12.00
# Visual Studio Version 16
VisualStudioVersion = 16.0.31624.102
MinimumVisualStudioVersion = 10.0.40219.1
Project("{FAE04EC0-301F-11D3-BF4B-00C04F79EFBC}") = "formationintermediate6", "formationintermediate6\formationintermediate6.csproj", "{22CC208D-36F2-4E8E-987B-A0150FFCC02C}"
EndProject
Global
	GlobalSection(SolutionConfigurationPlatforms) = preSolution
		Debug|Any CPU = Debug|Any CPU
		Release|Any CPU = Release|Any CPU
	EndGlobalSection
	GlobalSection(ProjectConfigurationPlatforms) = postSolution
		{22CC208D-36F2-4E8E-987B-A0150FFCC02C}.Debug|Any CPU.ActiveCfg = Debug|Any CPU
		{22CC208D-36F2-4E8E-987B-A0150FFCC02C}.Debug|Any CPU.Build.0 = Debug|Any CPU
		{22CC208D-36F2-4E8E-987B-A0150FFCC02C}.Release|Any CPU.ActiveCfg = Release|Any CPU
		{22CC208D-36F2-4E8E-987B-A0150FFCC02C}.Release|Any CPU.Build.0 = Release|Any CPU
	EndGlobalSection
	GlobalSection(SolutionProperties) = preSolution
		HideSolutionNode = FALSE
	EndGlobalSection
	GlobalSection(ExtensibilityGlobals) = postSolution
		SolutionGuid = {BCF3A6F8-BDA5-4103-9F63-963EE57CBB19}
	EndGlobalSection
EndGlobal
