
Microsoft Visual Studio Solution File, Format Version 12.00
# Visual Studio Version 16
VisualStudioVersion = 16.0.31624.102
MinimumVisualStudioVersion = 10.0.40219.1
Project("{FAE04EC0-301F-11D3-BF4B-00C04F79EFBC}") = "formationintermediate3", "formationintermediate3\formationintermediate3.csproj", "{6B8BCC89-D30C-457A-AAA5-6A4EA6F5F5A7}"
EndProject
Global
	GlobalSection(SolutionConfigurationPlatforms) = preSolution
		Debug|Any CPU = Debug|Any CPU
		Release|Any CPU = Release|Any CPU
	EndGlobalSection
	GlobalSection(ProjectConfigurationPlatforms) = postSolution
		{6B8BCC89-D30C-457A-AAA5-6A4EA6F5F5A7}.Debug|Any CPU.ActiveCfg = Debug|Any CPU
		{6B8BCC89-D30C-457A-AAA5-6A4EA6F5F5A7}.Debug|Any CPU.Build.0 = Debug|Any CPU
		{6B8BCC89-D30C-457A-AAA5-6A4EA6F5F5A7}.Release|Any CPU.ActiveCfg = Release|Any CPU
		{6B8BCC89-D30C-457A-AAA5-6A4EA6F5F5A7}.Release|Any CPU.Build.0 = Release|Any CPU
	EndGlobalSection
	GlobalSection(SolutionProperties) = preSolution
		HideSolutionNode = FALSE
	EndGlobalSection
	GlobalSection(ExtensibilityGlobals) = postSolution
		SolutionGuid = {A33E1C47-1BC9-4472-A4B2-4428ABDC6D6F}
	EndGlobalSection
EndGlobal
