
Microsoft Visual Studio Solution File, Format Version 12.00
# Visual Studio Version 16
VisualStudioVersion = 16.0.31624.102
MinimumVisualStudioVersion = 10.0.40219.1
Project("{FAE04EC0-301F-11D3-BF4B-00C04F79EFBC}") = "formationintermediate9", "formationintermediate9\formationintermediate9.csproj", "{471B1F6D-C275-4E1C-9A32-5293B3AD17C9}"
EndProject
Global
	GlobalSection(SolutionConfigurationPlatforms) = preSolution
		Debug|Any CPU = Debug|Any CPU
		Release|Any CPU = Release|Any CPU
	EndGlobalSection
	GlobalSection(ProjectConfigurationPlatforms) = postSolution
		{471B1F6D-C275-4E1C-9A32-5293B3AD17C9}.Debug|Any CPU.ActiveCfg = Debug|Any CPU
		{471B1F6D-C275-4E1C-9A32-5293B3AD17C9}.Debug|Any CPU.Build.0 = Debug|Any CPU
		{471B1F6D-C275-4E1C-9A32-5293B3AD17C9}.Release|Any CPU.ActiveCfg = Release|Any CPU
		{471B1F6D-C275-4E1C-9A32-5293B3AD17C9}.Release|Any CPU.Build.0 = Release|Any CPU
	EndGlobalSection
	GlobalSection(SolutionProperties) = preSolution
		HideSolutionNode = FALSE
	EndGlobalSection
	GlobalSection(ExtensibilityGlobals) = postSolution
		SolutionGuid = {B897CE35-2864-41EF-8FE0-1310D00F0060}
	EndGlobalSection
EndGlobal
